PODS:
  - DataSources (0.4.0)
  - FLAnimatedImage (1.0.12)
  - PINCache (2.3)
  - PINRemoteImage (2.1.4):
    - PINRemoteImage/FLAnimatedImage (= 2.1.4)
  - PINRemoteImage/Core (2.1.4):
    - PINCache (>= 2.1)
  - PINRemoteImage/FLAnimatedImage (2.1.4):
    - FLAnimatedImage (>= 1.0)
    - PINRemoteImage/Core
  - RxSwift (4.5.0)

DEPENDENCIES:
  - DataSources (from `https://git.nerdery.com/scm/sierra/ios.datasources.git`)
  - PINRemoteImage
  - RxSwift (~> 4.0)

SPEC REPOS:
  https://github.com/cocoapods/specs.git:
    - FLAnimatedImage
    - PINCache
    - PINRemoteImage
    - RxSwift

EXTERNAL SOURCES:
  DataSources:
    :git: https://git.nerdery.com/scm/sierra/ios.datasources.git

CHECKOUT OPTIONS:
  DataSources:
    :commit: 4937300ed535d8547fcb5793605ae7f0e8f37990
    :git: https://git.nerdery.com/scm/sierra/ios.datasources.git

SPEC CHECKSUMS:
  DataSources: fd848554f74162bc0c98c0f42840e3cd20aac6fd
  FLAnimatedImage: 4a0b56255d9b05f18b6dd7ee06871be5d3b89e31
  PINCache: ce36ed282031b92fc7733ffe831f474ff80fddc2
  PINRemoteImage: 4ac4011c5caefd6befd99758e09becede05d3226
  RxSwift: f172070dfd1a93d70a9ab97a5a01166206e1c575

PODFILE CHECKSUM: 96efd7c130831185666d6e79fc966b7f1eb2e39f

COCOAPODS: 1.5.3
